
Microsoft Visual Studio Solution File, Format Version 12.00
# Visual Studio 15
VisualStudioVersion = 15.0.27703.2026
MinimumVisualStudioVersion = 10.0.40219.1
Project("{FAE04EC0-301F-11D3-BF4B-00C04F79EFBC}") = "FractionalArithmetic", "FractionalArithmetic.csproj", "{172D678C-A5E2-4408-A41B-AE52FE8EEAF0}"
EndProject
Global
	GlobalSection(SolutionConfigurationPlatforms) = preSolution
		Debug|Any CPU = Debug|Any CPU
		Release|Any CPU = Release|Any CPU
	EndGlobalSection
	GlobalSection(ProjectConfigurationPlatforms) = postSolution
		{172D678C-A5E2-4408-A41B-AE52FE8EEAF0}.Debug|Any CPU.ActiveCfg = Debug|Any CPU
		{172D678C-A5E2-4408-A41B-AE52FE8EEAF0}.Debug|Any CPU.Build.0 = Debug|Any CPU
		{172D678C-A5E2-4408-A41B-AE52FE8EEAF0}.Release|Any CPU.ActiveCfg = Release|Any CPU
		{172D678C-A5E2-4408-A41B-AE52FE8EEAF0}.Release|Any CPU.Build.0 = Release|Any CPU
	EndGlobalSection
	GlobalSection(SolutionProperties) = preSolution
		HideSolutionNode = FALSE
	EndGlobalSection
	GlobalSection(ExtensibilityGlobals) = postSolution
		SolutionGuid = {38156372-E4C4-4FD6-A4A6-0CDA42E392A4}
	EndGlobalSection
EndGlobal
